
Microsoft Visual Studio Solution File, Format Version 12.00
# Visual Studio Version 16
VisualStudioVersion = 16.0.30002.166
MinimumVisualStudioVersion = 10.0.40219.1
Project("{9A19103F-16F7-4668-BE54-9A1E7A4F7556}") = "LeetCode", "LeetCode\LeetCode.csproj", "{E77DAFD7-5534-495A-95A6-BA21DBF28C04}"
EndProject
Project("{9A19103F-16F7-4668-BE54-9A1E7A4F7556}") = "AddTwoNumbers", "AddTwoNumbers\AddTwoNumbers.csproj", "{43811FB5-6837-4FDF-A5C9-10A0B9542552}"
EndProject
Project("{9A19103F-16F7-4668-BE54-9A1E7A4F7556}") = "LongestSubstringWithoutRepeatingCharacters", "LongestSubstringWithoutRepeatingCharacters\LongestSubstringWithoutRepeatingCharacters.csproj", "{BA9CFA9C-8DBF-4076-AB1E-63C58EC9445A}"
EndProject
Project("{9A19103F-16F7-4668-BE54-9A1E7A4F7556}") = "ZigZagConversion", "ZigZagConversion\ZigZagConversion.csproj", "{84044D54-C1E1-4EC1-9C38-5A2D62A625D7}"
EndProject
Project("{2150E333-8FDC-42A3-9474-1A3956D46DE8}") = "Tests", "Tests", "{1DEDEC8A-85C1-4F42-8AA5-83096D24E9A3}"
EndProject
Project("{9A19103F-16F7-4668-BE54-9A1E7A4F7556}") = "SolutionTests", "SolutionTests\SolutionTests.csproj", "{B0C50FA1-9286-454F-9B1B-C9DC13471384}"
EndProject
Project("{9A19103F-16F7-4668-BE54-9A1E7A4F7556}") = "LongestPalindromicSubstring", "LongestPalindromicSubstring\LongestPalindromicSubstring.csproj", "{C00C2033-C886-49EB-A9C3-A1B4346F4847}"
EndProject
Project("{9A19103F-16F7-4668-BE54-9A1E7A4F7556}") = "ReverseInteger", "ReverseInteger\ReverseInteger.csproj", "{F643A4C9-5504-4544-94A7-A8699535D421}"
EndProject
Project("{9A19103F-16F7-4668-BE54-9A1E7A4F7556}") = "RegularExpressionMatching", "RegularExpressionMatching\RegularExpressionMatching.csproj", "{344B4DC1-7654-44FB-A4D9-0F18946D3181}"
EndProject
Project("{9A19103F-16F7-4668-BE54-9A1E7A4F7556}") = "LongestCommonPrefix", "LongestCommonPrefix\LongestCommonPrefix.csproj", "{CD1FF9B7-0080-4CFD-B341-3EAF3FB39A1F}"
EndProject
Project("{9A19103F-16F7-4668-BE54-9A1E7A4F7556}") = "ContainerWithMostWater", "ContainerWithMostWater\ContainerWithMostWater.csproj", "{4DF432C5-E56C-420C-BDDA-057636B13873}"
EndProject
Project("{FAE04EC0-301F-11D3-BF4B-00C04F79EFBC}") = "RomanToNumber", "RomanToNumber\RomanToNumber.csproj", "{D1EC0E7A-D4B2-40F6-9DAA-96EA043D2D8C}"
EndProject
Global
	GlobalSection(SolutionConfigurationPlatforms) = preSolution
		Debug|Any CPU = Debug|Any CPU
		Release|Any CPU = Release|Any CPU
	EndGlobalSection
	GlobalSection(ProjectConfigurationPlatforms) = postSolution
		{E77DAFD7-5534-495A-95A6-BA21DBF28C04}.Debug|Any CPU.ActiveCfg = Debug|Any CPU
		{E77DAFD7-5534-495A-95A6-BA21DBF28C04}.Debug|Any CPU.Build.0 = Debug|Any CPU
		{E77DAFD7-5534-495A-95A6-BA21DBF28C04}.Release|Any CPU.ActiveCfg = Release|Any CPU
		{E77DAFD7-5534-495A-95A6-BA21DBF28C04}.Release|Any CPU.Build.0 = Release|Any CPU
		{43811FB5-6837-4FDF-A5C9-10A0B9542552}.Debug|Any CPU.ActiveCfg = Debug|Any CPU
		{43811FB5-6837-4FDF-A5C9-10A0B9542552}.Debug|Any CPU.Build.0 = Debug|Any CPU
		{43811FB5-6837-4FDF-A5C9-10A0B9542552}.Release|Any CPU.ActiveCfg = Release|Any CPU
		{43811FB5-6837-4FDF-A5C9-10A0B9542552}.Release|Any CPU.Build.0 = Release|Any CPU
		{BA9CFA9C-8DBF-4076-AB1E-63C58EC9445A}.Debug|Any CPU.ActiveCfg = Debug|Any CPU
		{BA9CFA9C-8DBF-4076-AB1E-63C58EC9445A}.Debug|Any CPU.Build.0 = Debug|Any CPU
		{BA9CFA9C-8DBF-4076-AB1E-63C58EC9445A}.Release|Any CPU.ActiveCfg = Release|Any CPU
		{BA9CFA9C-8DBF-4076-AB1E-63C58EC9445A}.Release|Any CPU.Build.0 = Release|Any CPU
		{84044D54-C1E1-4EC1-9C38-5A2D62A625D7}.Debug|Any CPU.ActiveCfg = Debug|Any CPU
		{84044D54-C1E1-4EC1-9C38-5A2D62A625D7}.Debug|Any CPU.Build.0 = Debug|Any CPU
		{84044D54-C1E1-4EC1-9C38-5A2D62A625D7}.Release|Any CPU.ActiveCfg = Release|Any CPU
		{84044D54-C1E1-4EC1-9C38-5A2D62A625D7}.Release|Any CPU.Build.0 = Release|Any CPU
		{B0C50FA1-9286-454F-9B1B-C9DC13471384}.Debug|Any CPU.ActiveCfg = Debug|Any CPU
		{B0C50FA1-9286-454F-9B1B-C9DC13471384}.Debug|Any CPU.Build.0 = Debug|Any CPU
		{B0C50FA1-9286-454F-9B1B-C9DC13471384}.Release|Any CPU.ActiveCfg = Release|Any CPU
		{B0C50FA1-9286-454F-9B1B-C9DC13471384}.Release|Any CPU.Build.0 = Release|Any CPU
		{C00C2033-C886-49EB-A9C3-A1B4346F4847}.Debug|Any CPU.ActiveCfg = Debug|Any CPU
		{C00C2033-C886-49EB-A9C3-A1B4346F4847}.Debug|Any CPU.Build.0 = Debug|Any CPU
		{C00C2033-C886-49EB-A9C3-A1B4346F4847}.Release|Any CPU.ActiveCfg = Release|Any CPU
		{C00C2033-C886-49EB-A9C3-A1B4346F4847}.Release|Any CPU.Build.0 = Release|Any CPU
		{F643A4C9-5504-4544-94A7-A8699535D421}.Debug|Any CPU.ActiveCfg = Debug|Any CPU
		{F643A4C9-5504-4544-94A7-A8699535D421}.Debug|Any CPU.Build.0 = Debug|Any CPU
		{F643A4C9-5504-4544-94A7-A8699535D421}.Release|Any CPU.ActiveCfg = Release|Any CPU
		{F643A4C9-5504-4544-94A7-A8699535D421}.Release|Any CPU.Build.0 = Release|Any CPU
		{344B4DC1-7654-44FB-A4D9-0F18946D3181}.Debug|Any CPU.ActiveCfg = Debug|Any CPU
		{344B4DC1-7654-44FB-A4D9-0F18946D3181}.Debug|Any CPU.Build.0 = Debug|Any CPU
		{344B4DC1-7654-44FB-A4D9-0F18946D3181}.Release|Any CPU.ActiveCfg = Release|Any CPU
		{344B4DC1-7654-44FB-A4D9-0F18946D3181}.Release|Any CPU.Build.0 = Release|Any CPU
		{CD1FF9B7-0080-4CFD-B341-3EAF3FB39A1F}.Debug|Any CPU.ActiveCfg = Debug|Any CPU
		{CD1FF9B7-0080-4CFD-B341-3EAF3FB39A1F}.Debug|Any CPU.Build.0 = Debug|Any CPU
		{CD1FF9B7-0080-4CFD-B341-3EAF3FB39A1F}.Release|Any CPU.ActiveCfg = Release|Any CPU
		{CD1FF9B7-0080-4CFD-B341-3EAF3FB39A1F}.Release|Any CPU.Build.0 = Release|Any CPU
		{4DF432C5-E56C-420C-BDDA-057636B13873}.Debug|Any CPU.ActiveCfg = Debug|Any CPU
		{4DF432C5-E56C-420C-BDDA-057636B13873}.Debug|Any CPU.Build.0 = Debug|Any CPU
		{4DF432C5-E56C-420C-BDDA-057636B13873}.Release|Any CPU.ActiveCfg = Release|Any CPU
		{4DF432C5-E56C-420C-BDDA-057636B13873}.Release|Any CPU.Build.0 = Release|Any CPU
		{D1EC0E7A-D4B2-40F6-9DAA-96EA043D2D8C}.Debug|Any CPU.ActiveCfg = Debug|Any CPU
		{D1EC0E7A-D4B2-40F6-9DAA-96EA043D2D8C}.Debug|Any CPU.Build.0 = Debug|Any CPU
		{D1EC0E7A-D4B2-40F6-9DAA-96EA043D2D8C}.Release|Any CPU.ActiveCfg = Release|Any CPU
		{D1EC0E7A-D4B2-40F6-9DAA-96EA043D2D8C}.Release|Any CPU.Build.0 = Release|Any CPU
	EndGlobalSection
	GlobalSection(SolutionProperties) = preSolution
		HideSolutionNode = FALSE
	EndGlobalSection
	GlobalSection(NestedProjects) = preSolution
		{B0C50FA1-9286-454F-9B1B-C9DC13471384} = {1DEDEC8A-85C1-4F42-8AA5-83096D24E9A3}
	EndGlobalSection
	GlobalSection(ExtensibilityGlobals) = postSolution
		SolutionGuid = {64FAEB13-AE5D-4E66-A483-4BB1E48BE7C0}
	EndGlobalSection
EndGlobal
